{
  "name": "thiruwin-portfolio",
  "version": "1.0.0",
  "lockfileVersion": 3,
  "requires": true,
  "packages": {
    "": {
      "name": "thiruwin-portfolio",
      "version": "1.0.0",
      "dependencies": {
        "@vitejs/plugin-react": "latest",
        "lucide-react": "latest",
        "react": "latest",
        "react-dom": "latest",
        "tailwindcss": "latest",
        "vite": "latest"
      },
      "devDependencies": {
        "@eslint/js": "latest",
        "eslint": "latest",
        "eslint-plugin-react-hooks": "latest",
        "eslint-plugin-react-refresh": "latest"
      }
    }
  }
}
